
Microsoft Visual Studio Solution File, Format Version 12.00
# Visual Studio Version 16
VisualStudioVersion = 16.0.29609.76
MinimumVisualStudioVersion = 10.0.40219.1
Project("{2150E333-8FDC-42A3-9474-1A3956D46DE8}") = "Domain", "Domain", "{73C70E1C-0A19-4F9B-A65B-1A3121C7097D}"
EndProject
Project("{2150E333-8FDC-42A3-9474-1A3956D46DE8}") = "Infra.Bus", "Infra.Bus", "{19C43A7B-3024-4B66-A2B2-64F703E33AA9}"
EndProject
Project("{2150E333-8FDC-42A3-9474-1A3956D46DE8}") = "Infra.IOC", "Infra.IOC", "{43C9541E-5F14-4144-AFC0-3DD8CC324EC4}"
EndProject
Project("{2150E333-8FDC-42A3-9474-1A3956D46DE8}") = "MicroService", "MicroService", "{F38785EE-890A-4043-81B2-D9BC99CBA3DB}"
EndProject
Project("{FAE04EC0-301F-11D3-BF4B-00C04F79EFBC}") = "Xavier.Domain.Core", "Xavier.Domain.Core\Xavier.Domain.Core.csproj", "{716ED993-0B90-4559-BE8B-E9B6EDC2A7FE}"
EndProject
Project("{FAE04EC0-301F-11D3-BF4B-00C04F79EFBC}") = "Xavier.Infra.Bus", "Xavier.Infra.Bus\Xavier.Infra.Bus.csproj", "{EF6E6A0B-0C30-40EA-ABA4-513363802C92}"
EndProject
Project("{FAE04EC0-301F-11D3-BF4B-00C04F79EFBC}") = "Xavier.Infra.IOC", "Xavier.Infra.IOC\Xavier.Infra.IOC.csproj", "{E06854D2-DFC7-4A28-83D7-0ACC2F1E2533}"
EndProject
Project("{2150E333-8FDC-42A3-9474-1A3956D46DE8}") = "API", "API", "{26367F4E-7D15-4940-8679-574EC7D6D481}"
EndProject
Project("{2150E333-8FDC-42A3-9474-1A3956D46DE8}") = "Application", "Application", "{B09AEFF0-7DD2-4D65-956C-D18B765AB2C1}"
EndProject
Project("{2150E333-8FDC-42A3-9474-1A3956D46DE8}") = "Domain", "Domain", "{0002A36E-5106-4C06-A8A1-02D19CB97A63}"
EndProject
Project("{2150E333-8FDC-42A3-9474-1A3956D46DE8}") = "Repository", "Repository", "{920F0780-09BF-47E5-AC9C-9BBF425E8DCE}"
EndProject
Project("{FAE04EC0-301F-11D3-BF4B-00C04F79EFBC}") = "Xavier.Microservice.API", "Xavier.Microservice.API\Xavier.Microservice.API.csproj", "{F74D46CD-FD16-45DF-BD61-1C5F2C564918}"
EndProject
Project("{FAE04EC0-301F-11D3-BF4B-00C04F79EFBC}") = "Xavier.Microservices.Application", "Xavier.Microservices.Application\Xavier.Microservices.Application.csproj", "{0CCC040B-70BE-4318-AB56-ACB13E9DA379}"
EndProject
Project("{FAE04EC0-301F-11D3-BF4B-00C04F79EFBC}") = "Xavier.Microservice.Domain", "Xavier.Microservice.Domain\Xavier.Microservice.Domain.csproj", "{055EAE1F-853C-4699-82D5-196A652F7853}"
EndProject
Project("{FAE04EC0-301F-11D3-BF4B-00C04F79EFBC}") = "Xavier.Microservices.Repository", "Xavier.Microservices.Repository\Xavier.Microservices.Repository.csproj", "{E40FB6F0-DD58-46D6-A4D9-79E0ACA5C370}"
EndProject
Global
	GlobalSection(SolutionConfigurationPlatforms) = preSolution
		Debug|Any CPU = Debug|Any CPU
		Release|Any CPU = Release|Any CPU
	EndGlobalSection
	GlobalSection(ProjectConfigurationPlatforms) = postSolution
		{716ED993-0B90-4559-BE8B-E9B6EDC2A7FE}.Debug|Any CPU.ActiveCfg = Debug|Any CPU
		{716ED993-0B90-4559-BE8B-E9B6EDC2A7FE}.Debug|Any CPU.Build.0 = Debug|Any CPU
		{716ED993-0B90-4559-BE8B-E9B6EDC2A7FE}.Release|Any CPU.ActiveCfg = Release|Any CPU
		{716ED993-0B90-4559-BE8B-E9B6EDC2A7FE}.Release|Any CPU.Build.0 = Release|Any CPU
		{EF6E6A0B-0C30-40EA-ABA4-513363802C92}.Debug|Any CPU.ActiveCfg = Debug|Any CPU
		{EF6E6A0B-0C30-40EA-ABA4-513363802C92}.Debug|Any CPU.Build.0 = Debug|Any CPU
		{EF6E6A0B-0C30-40EA-ABA4-513363802C92}.Release|Any CPU.ActiveCfg = Release|Any CPU
		{EF6E6A0B-0C30-40EA-ABA4-513363802C92}.Release|Any CPU.Build.0 = Release|Any CPU
		{E06854D2-DFC7-4A28-83D7-0ACC2F1E2533}.Debug|Any CPU.ActiveCfg = Debug|Any CPU
		{E06854D2-DFC7-4A28-83D7-0ACC2F1E2533}.Debug|Any CPU.Build.0 = Debug|Any CPU
		{E06854D2-DFC7-4A28-83D7-0ACC2F1E2533}.Release|Any CPU.ActiveCfg = Release|Any CPU
		{E06854D2-DFC7-4A28-83D7-0ACC2F1E2533}.Release|Any CPU.Build.0 = Release|Any CPU
		{F74D46CD-FD16-45DF-BD61-1C5F2C564918}.Debug|Any CPU.ActiveCfg = Debug|Any CPU
		{F74D46CD-FD16-45DF-BD61-1C5F2C564918}.Debug|Any CPU.Build.0 = Debug|Any CPU
		{F74D46CD-FD16-45DF-BD61-1C5F2C564918}.Release|Any CPU.ActiveCfg = Release|Any CPU
		{F74D46CD-FD16-45DF-BD61-1C5F2C564918}.Release|Any CPU.Build.0 = Release|Any CPU
		{0CCC040B-70BE-4318-AB56-ACB13E9DA379}.Debug|Any CPU.ActiveCfg = Debug|Any CPU
		{0CCC040B-70BE-4318-AB56-ACB13E9DA379}.Debug|Any CPU.Build.0 = Debug|Any CPU
		{0CCC040B-70BE-4318-AB56-ACB13E9DA379}.Release|Any CPU.ActiveCfg = Release|Any CPU
		{0CCC040B-70BE-4318-AB56-ACB13E9DA379}.Release|Any CPU.Build.0 = Release|Any CPU
		{055EAE1F-853C-4699-82D5-196A652F7853}.Debug|Any CPU.ActiveCfg = Debug|Any CPU
		{055EAE1F-853C-4699-82D5-196A652F7853}.Debug|Any CPU.Build.0 = Debug|Any CPU
		{055EAE1F-853C-4699-82D5-196A652F7853}.Release|Any CPU.ActiveCfg = Release|Any CPU
		{055EAE1F-853C-4699-82D5-196A652F7853}.Release|Any CPU.Build.0 = Release|Any CPU
		{E40FB6F0-DD58-46D6-A4D9-79E0ACA5C370}.Debug|Any CPU.ActiveCfg = Debug|Any CPU
		{E40FB6F0-DD58-46D6-A4D9-79E0ACA5C370}.Debug|Any CPU.Build.0 = Debug|Any CPU
		{E40FB6F0-DD58-46D6-A4D9-79E0ACA5C370}.Release|Any CPU.ActiveCfg = Release|Any CPU
		{E40FB6F0-DD58-46D6-A4D9-79E0ACA5C370}.Release|Any CPU.Build.0 = Release|Any CPU
	EndGlobalSection
	GlobalSection(SolutionProperties) = preSolution
		HideSolutionNode = FALSE
	EndGlobalSection
	GlobalSection(NestedProjects) = preSolution
		{716ED993-0B90-4559-BE8B-E9B6EDC2A7FE} = {73C70E1C-0A19-4F9B-A65B-1A3121C7097D}
		{EF6E6A0B-0C30-40EA-ABA4-513363802C92} = {19C43A7B-3024-4B66-A2B2-64F703E33AA9}
		{E06854D2-DFC7-4A28-83D7-0ACC2F1E2533} = {43C9541E-5F14-4144-AFC0-3DD8CC324EC4}
		{26367F4E-7D15-4940-8679-574EC7D6D481} = {F38785EE-890A-4043-81B2-D9BC99CBA3DB}
		{B09AEFF0-7DD2-4D65-956C-D18B765AB2C1} = {F38785EE-890A-4043-81B2-D9BC99CBA3DB}
		{0002A36E-5106-4C06-A8A1-02D19CB97A63} = {F38785EE-890A-4043-81B2-D9BC99CBA3DB}
		{920F0780-09BF-47E5-AC9C-9BBF425E8DCE} = {F38785EE-890A-4043-81B2-D9BC99CBA3DB}
		{F74D46CD-FD16-45DF-BD61-1C5F2C564918} = {26367F4E-7D15-4940-8679-574EC7D6D481}
		{0CCC040B-70BE-4318-AB56-ACB13E9DA379} = {B09AEFF0-7DD2-4D65-956C-D18B765AB2C1}
		{055EAE1F-853C-4699-82D5-196A652F7853} = {0002A36E-5106-4C06-A8A1-02D19CB97A63}
		{E40FB6F0-DD58-46D6-A4D9-79E0ACA5C370} = {920F0780-09BF-47E5-AC9C-9BBF425E8DCE}
	EndGlobalSection
	GlobalSection(ExtensibilityGlobals) = postSolution
		SolutionGuid = {EFC8FE31-0CA9-4303-9FF3-9351C1A64070}
	EndGlobalSection
EndGlobal
